// !$*UTF8*$!
{
	archiveVersion = 1;
	classes = {
	};
	objectVersion = 56;
	objects = {

/* Begin PBXBuildFile section */
		51129D7E2BC6CBCC006A9943 /* barcoder.swift in Sources */ = {isa = PBXBuildFile; fileRef = 51129D7D2BC6CBCC006A9943 /* barcoder.swift */; };
		51129D852BC6CBF0006A9943 /* code128.swift in Sources */ = {isa = PBXBuildFile; fileRef = 51129D842BC6CBF0006A9943 /* code128.swift */; };
		51129D8F2BC6DB8D006A9943 /* barcoderTests.swift in Sources */ = {isa = PBXBuildFile; fileRef = 51129D8E2BC6DB8D006A9943 /* barcoderTests.swift */; };
		51129D902BC6DB8D006A9943 /* libbarcoder.a in Frameworks */ = {isa = PBXBuildFile; fileRef = 51129D7A2BC6CBCC006A9943 /* libbarcoder.a */; };
/* End PBXBuildFile section */

/* Begin PBXContainerItemProxy section */
		51129D912BC6DB8D006A9943 /* PBXContainerItemProxy */ = {
			isa = PBXContainerItemProxy;
			containerPortal = 51129D722BC6CBCC006A9943 /* Project object */;
			proxyType = 1;
			remoteGlobalIDString = 51129D792BC6CBCC006A9943;
			remoteInfo = barcoder;
		};
/* End PBXContainerItemProxy section */

/* Begin PBXCopyFilesBuildPhase section */
		51129D782BC6CBCC006A9943 /* CopyFiles */ = {
			isa = PBXCopyFilesBuildPhase;
			buildActionMask = 2147483647;
			dstPath = "include/$(PRODUCT_NAME)";
			dstSubfolderSpec = 16;
			files = (
			);
			runOnlyForDeploymentPostprocessing = 0;
		};
/* End PBXCopyFilesBuildPhase section */

/* Begin PBXFileReference section */
		51129D7A2BC6CBCC006A9943 /* libbarcoder.a */ = {isa = PBXFileReference; explicitFileType = archive.ar; includeInIndex = 0; path = libbarcoder.a; sourceTree = BUILT_PRODUCTS_DIR; };
		51129D7D2BC6CBCC006A9943 /* barcoder.swift */ = {isa = PBXFileReference; lastKnownFileType = sourcecode.swift; path = barcoder.swift; sourceTree = "<group>"; };
		51129D842BC6CBF0006A9943 /* code128.swift */ = {isa = PBXFileReference; lastKnownFileType = sourcecode.swift; path = code128.swift; sourceTree = "<group>"; };
		51129D8C2BC6DB8D006A9943 /* barcoderTests.xctest */ = {isa = PBXFileReference; explicitFileType = wrapper.cfbundle; includeInIndex = 0; path = barcoderTests.xctest; sourceTree = BUILT_PRODUCTS_DIR; };
		51129D8E2BC6DB8D006A9943 /* barcoderTests.swift */ = {isa = PBXFileReference; lastKnownFileType = sourcecode.swift; path = barcoderTests.swift; sourceTree = "<group>"; };
/* End PBXFileReference section */

/* Begin PBXFrameworksBuildPhase section */
		51129D772BC6CBCC006A9943 /* Frameworks */ = {
			isa = PBXFrameworksBuildPhase;
			buildActionMask = 2147483647;
			files = (
			);
			runOnlyForDeploymentPostprocessing = 0;
		};
		51129D892BC6DB8D006A9943 /* Frameworks */ = {
			isa = PBXFrameworksBuildPhase;
			buildActionMask = 2147483647;
			files = (
				51129D902BC6DB8D006A9943 /* libbarcoder.a in Frameworks */,
			);
			runOnlyForDeploymentPostprocessing = 0;
		};
/* End PBXFrameworksBuildPhase section */

/* Begin PBXGroup section */
		51129D712BC6CBCC006A9943 = {
			isa = PBXGroup;
			children = (
				51129D7C2BC6CBCC006A9943 /* barcoder */,
				51129D8D2BC6DB8D006A9943 /* barcoderTests */,
				51129D7B2BC6CBCC006A9943 /* Products */,
			);
			sourceTree = "<group>";
		};
		51129D7B2BC6CBCC006A9943 /* Products */ = {
			isa = PBXGroup;
			children = (
				51129D7A2BC6CBCC006A9943 /* libbarcoder.a */,
				51129D8C2BC6DB8D006A9943 /* barcoderTests.xctest */,
			);
			name = Products;
			sourceTree = "<group>";
		};
		51129D7C2BC6CBCC006A9943 /* barcoder */ = {
			isa = PBXGroup;
			children = (
				51129D7D2BC6CBCC006A9943 /* barcoder.swift */,
				51129D842BC6CBF0006A9943 /* code128.swift */,
			);
			path = barcoder;
			sourceTree = "<group>";
		};
		51129D8D2BC6DB8D006A9943 /* barcoderTests */ = {
			isa = PBXGroup;
			children = (
				51129D8E2BC6DB8D006A9943 /* barcoderTests.swift */,
			);
			path = barcoderTests;
			sourceTree = "<group>";
		};
/* End PBXGroup section */

/* Begin PBXNativeTarget section */
		51129D792BC6CBCC006A9943 /* barcoder */ = {
			isa = PBXNativeTarget;
			buildConfigurationList = 51129D812BC6CBCC006A9943 /* Build configuration list for PBXNativeTarget "barcoder" */;
			buildPhases = (
				51129D762BC6CBCC006A9943 /* Sources */,
				51129D772BC6CBCC006A9943 /* Frameworks */,
				51129D782BC6CBCC006A9943 /* CopyFiles */,
			);
			buildRules = (
			);
			dependencies = (
			);
			name = barcoder;
			productName = barcoder;
			productReference = 51129D7A2BC6CBCC006A9943 /* libbarcoder.a */;
			productType = "com.apple.product-type.library.static";
		};
		51129D8B2BC6DB8D006A9943 /* barcoderTests */ = {
			isa = PBXNativeTarget;
			buildConfigurationList = 51129D932BC6DB8D006A9943 /* Build configuration list for PBXNativeTarget "barcoderTests" */;
			buildPhases = (
				51129D882BC6DB8D006A9943 /* Sources */,
				51129D892BC6DB8D006A9943 /* Frameworks */,
				51129D8A2BC6DB8D006A9943 /* Resources */,
			);
			buildRules = (
			);
			dependencies = (
				51129D922BC6DB8D006A9943 /* PBXTargetDependency */,
			);
			name = barcoderTests;
			productName = barcoderTests;
			productReference = 51129D8C2BC6DB8D006A9943 /* barcoderTests.xctest */;
			productType = "com.apple.product-type.bundle.unit-test";
		};
/* End PBXNativeTarget section */

/* Begin PBXProject section */
		51129D722BC6CBCC006A9943 /* Project object */ = {
			isa = PBXProject;
			attributes = {
				BuildIndependentTargetsInParallel = 1;
				LastSwiftUpdateCheck = 1530;
				LastUpgradeCheck = 1530;
				TargetAttributes = {
					51129D792BC6CBCC006A9943 = {
						CreatedOnToolsVersion = 15.3;
					};
					51129D8B2BC6DB8D006A9943 = {
						CreatedOnToolsVersion = 15.3;
					};
				};
			};
			buildConfigurationList = 51129D752BC6CBCC006A9943 /* Build configuration list for PBXProject "barcoder" */;
			compatibilityVersion = "Xcode 14.0";
			developmentRegion = en;
			hasScannedForEncodings = 0;
			knownRegions = (
				en,
				Base,
			);
			mainGroup = 51129D712BC6CBCC006A9943;
			productRefGroup = 51129D7B2BC6CBCC006A9943 /* Products */;
			projectDirPath = "";
			projectRoot = "";
			targets = (
				51129D792BC6CBCC006A9943 /* barcoder */,
				51129D8B2BC6DB8D006A9943 /* barcoderTests */,
			);
		};
/* End PBXProject section */

/* Begin PBXResourcesBuildPhase section */
		51129D8A2BC6DB8D006A9943 /* Resources */ = {
			isa = PBXResourcesBuildPhase;
			buildActionMask = 2147483647;
			files = (
			);
			runOnlyForDeploymentPostprocessing = 0;
		};
/* End PBXResourcesBuildPhase section */

/* Begin PBXSourcesBuildPhase section */
		51129D762BC6CBCC006A9943 /* Sources */ = {
			isa = PBXSourcesBuildPhase;
			buildActionMask = 2147483647;
			files = (
				51129D852BC6CBF0006A9943 /* code128.swift in Sources */,
				51129D7E2BC6CBCC006A9943 /* barcoder.swift in Sources */,
			);
			runOnlyForDeploymentPostprocessing = 0;
		};
		51129D882BC6DB8D006A9943 /* Sources */ = {
			isa = PBXSourcesBuildPhase;
			buildActionMask = 2147483647;
			files = (
				51129D8F2BC6DB8D006A9943 /* barcoderTests.swift in Sources */,
			);
			runOnlyForDeploymentPostprocessing = 0;
		};
/* End PBXSourcesBuildPhase section */

/* Begin PBXTargetDependency section */
		51129D922BC6DB8D006A9943 /* PBXTargetDependency */ = {
			isa = PBXTargetDependency;
			target = 51129D792BC6CBCC006A9943 /* barcoder */;
			targetProxy = 51129D912BC6DB8D006A9943 /* PBXContainerItemProxy */;
		};
/* End PBXTargetDependency section */

/* Begin XCBuildConfiguration section */
		51129D7F2BC6CBCC006A9943 /* Debug */ = {
			isa = XCBuildConfiguration;
			buildSettings = {
				ALWAYS_SEARCH_USER_PATHS = NO;
				ASSETCATALOG_COMPILER_GENERATE_SWIFT_ASSET_SYMBOL_EXTENSIONS = YES;
				CLANG_ANALYZER_NONNULL = YES;
				CLANG_ANALYZER_NUMBER_OBJECT_CONVERSION = YES_AGGRESSIVE;
				CLANG_CXX_LANGUAGE_STANDARD = "gnu++20";
				CLANG_ENABLE_MODULES = YES;
				CLANG_ENABLE_OBJC_ARC = YES;
				CLANG_ENABLE_OBJC_WEAK = YES;
				CLANG_WARN_BLOCK_CAPTURE_AUTORELEASING = YES;
				CLANG_WARN_BOOL_CONVERSION = YES;
				CLANG_WARN_COMMA = YES;
				CLANG_WARN_CONSTANT_CONVERSION = YES;
				CLANG_WARN_DEPRECATED_OBJC_IMPLEMENTATIONS = YES;
				CLANG_WARN_DIRECT_OBJC_ISA_USAGE = YES_ERROR;
				CLANG_WARN_DOCUMENTATION_COMMENTS = YES;
				CLANG_WARN_EMPTY_BODY = YES;
				CLANG_WARN_ENUM_CONVERSION = YES;
				CLANG_WARN_INFINITE_RECURSION = YES;
				CLANG_WARN_INT_CONVERSION = YES;
				CLANG_WARN_NON_LITERAL_NULL_CONVERSION = YES;
				CLANG_WARN_OBJC_IMPLICIT_RETAIN_SELF = YES;
				CLANG_WARN_OBJC_LITERAL_CONVERSION = YES;
				CLANG_WARN_OBJC_ROOT_CLASS = YES_ERROR;
				CLANG_WARN_QUOTED_INCLUDE_IN_FRAMEWORK_HEADER = YES;
				CLANG_WARN_RANGE_LOOP_ANALYSIS = YES;
				CLANG_WARN_STRICT_PROTOTYPES = YES;
				CLANG_WARN_SUSPICIOUS_MOVE = YES;
				CLANG_WARN_UNGUARDED_AVAILABILITY = YES_AGGRESSIVE;
				CLANG_WARN_UNREACHABLE_CODE = YES;
				CLANG_WARN__DUPLICATE_METHOD_MATCH = YES;
				COPY_PHASE_STRIP = NO;
				DEBUG_INFORMATION_FORMAT = dwarf;
				ENABLE_STRICT_OBJC_MSGSEND = YES;
				ENABLE_TESTABILITY = YES;
				ENABLE_USER_SCRIPT_SANDBOXING = YES;
				GCC_C_LANGUAGE_STANDARD = gnu17;
				GCC_DYNAMIC_NO_PIC = NO;
				GCC_NO_COMMON_BLOCKS = YES;
				GCC_OPTIMIZATION_LEVEL = 0;
				GCC_PREPROCESSOR_DEFINITIONS = (
					"DEBUG=1",
					"$(inherited)",
				);
				GCC_WARN_64_TO_32_BIT_CONVERSION = YES;
				GCC_WARN_ABOUT_RETURN_TYPE = YES_ERROR;
				GCC_WARN_UNDECLARED_SELECTOR = YES;
				GCC_WARN_UNINITIALIZED_AUTOS = YES_AGGRESSIVE;
				GCC_WARN_UNUSED_FUNCTION = YES;
				GCC_WARN_UNUSED_VARIABLE = YES;
				IPHONEOS_DEPLOYMENT_TARGET = 17.4;
				LOCALIZATION_PREFERS_STRING_CATALOGS = YES;
				MTL_ENABLE_DEBUG_INFO = INCLUDE_SOURCE;
				MTL_FAST_MATH = YES;
				ONLY_ACTIVE_ARCH = YES;
				SDKROOT = iphoneos;
				SWIFT_ACTIVE_COMPILATION_CONDITIONS = "DEBUG $(inherited)";
				SWIFT_OPTIMIZATION_LEVEL = "-Onone";
			};
			name = Debug;
		};
		51129D802BC6CBCC006A9943 /* Release */ = {
			isa = XCBuildConfiguration;
			buildSettings = {
				ALWAYS_SEARCH_USER_PATHS = NO;
				ASSETCATALOG_COMPILER_GENERATE_SWIFT_ASSET_SYMBOL_EXTENSIONS = YES;
				CLANG_ANALYZER_NONNULL = YES;
				CLANG_ANALYZER_NUMBER_OBJECT_CONVERSION = YES_AGGRESSIVE;
				CLANG_CXX_LANGUAGE_STANDARD = "gnu++20";
				CLANG_ENABLE_MODULES = YES;
				CLANG_ENABLE_OBJC_ARC = YES;
				CLANG_ENABLE_OBJC_WEAK = YES;
				CLANG_WARN_BLOCK_CAPTURE_AUTORELEASING = YES;
				CLANG_WARN_BOOL_CONVERSION = YES;
				CLANG_WARN_COMMA = YES;
				CLANG_WARN_CONSTANT_CONVERSION = YES;
				CLANG_WARN_DEPRECATED_OBJC_IMPLEMENTATIONS = YES;
				CLANG_WARN_DIRECT_OBJC_ISA_USAGE = YES_ERROR;
				CLANG_WARN_DOCUMENTATION_COMMENTS = YES;
				CLANG_WARN_EMPTY_BODY = YES;
				CLANG_WARN_ENUM_CONVERSION = YES;
				CLANG_WARN_INFINITE_RECURSION = YES;
				CLANG_WARN_INT_CONVERSION = YES;
				CLANG_WARN_NON_LITERAL_NULL_CONVERSION = YES;
				CLANG_WARN_OBJC_IMPLICIT_RETAIN_SELF = YES;
				CLANG_WARN_OBJC_LITERAL_CONVERSION = YES;
				CLANG_WARN_OBJC_ROOT_CLASS = YES_ERROR;
				CLANG_WARN_QUOTED_INCLUDE_IN_FRAMEWORK_HEADER = YES;
				CLANG_WARN_RANGE_LOOP_ANALYSIS = YES;
				CLANG_WARN_STRICT_PROTOTYPES = YES;
				CLANG_WARN_SUSPICIOUS_MOVE = YES;
				CLANG_WARN_UNGUARDED_AVAILABILITY = YES_AGGRESSIVE;
				CLANG_WARN_UNREACHABLE_CODE = YES;
				CLANG_WARN__DUPLICATE_METHOD_MATCH = YES;
				COPY_PHASE_STRIP = NO;
				DEBUG_INFORMATION_FORMAT = "dwarf-with-dsym";
				ENABLE_NS_ASSERTIONS = NO;
				ENABLE_STRICT_OBJC_MSGSEND = YES;
				ENABLE_USER_SCRIPT_SANDBOXING = YES;
				GCC_C_LANGUAGE_STANDARD = gnu17;
				GCC_NO_COMMON_BLOCKS = YES;
				GCC_WARN_64_TO_32_BIT_CONVERSION = YES;
				GCC_WARN_ABOUT_RETURN_TYPE = YES_ERROR;
				GCC_WARN_UNDECLARED_SELECTOR = YES;
				GCC_WARN_UNINITIALIZED_AUTOS = YES_AGGRESSIVE;
				GCC_WARN_UNUSED_FUNCTION = YES;
				GCC_WARN_UNUSED_VARIABLE = YES;
				IPHONEOS_DEPLOYMENT_TARGET = 17.4;
				LOCALIZATION_PREFERS_STRING_CATALOGS = YES;
				MTL_ENABLE_DEBUG_INFO = NO;
				MTL_FAST_MATH = YES;
				SDKROOT = iphoneos;
				SWIFT_COMPILATION_MODE = wholemodule;
				VALIDATE_PRODUCT = YES;
			};
			name = Release;
		};
		51129D822BC6CBCC006A9943 /* Debug */ = {
			isa = XCBuildConfiguration;
			buildSettings = {
				CODE_SIGN_STYLE = Automatic;
				DEVELOPMENT_TEAM = LA4ZDDUB96;
				OTHER_LDFLAGS = "-ObjC";
				PRODUCT_NAME = "$(TARGET_NAME)";
				SKIP_INSTALL = YES;
				SWIFT_VERSION = 5.0;
				TARGETED_DEVICE_FAMILY = "1,2";
			};
			name = Debug;
		};
		51129D832BC6CBCC006A9943 /* Release */ = {
			isa = XCBuildConfiguration;
			buildSettings = {
				CODE_SIGN_STYLE = Automatic;
				DEVELOPMENT_TEAM = LA4ZDDUB96;
				OTHER_LDFLAGS = "-ObjC";
				PRODUCT_NAME = "$(TARGET_NAME)";
				SKIP_INSTALL = YES;
				SWIFT_VERSION = 5.0;
				TARGETED_DEVICE_FAMILY = "1,2";
			};
			name = Release;
		};
		51129D942BC6DB8D006A9943 /* Debug */ = {
			isa = XCBuildConfiguration;
			buildSettings = {
				CODE_SIGN_STYLE = Automatic;
				CURRENT_PROJECT_VERSION = 1;
				DEVELOPMENT_TEAM = LA4ZDDUB96;
				GENERATE_INFOPLIST_FILE = YES;
				MARKETING_VERSION = 1.0;
				PRODUCT_BUNDLE_IDENTIFIER = work.tinax.barcoderTests;
				PRODUCT_NAME = "$(TARGET_NAME)";
				SWIFT_EMIT_LOC_STRINGS = NO;
				SWIFT_VERSION = 5.0;
				TARGETED_DEVICE_FAMILY = "1,2";
			};
			name = Debug;
		};
		51129D952BC6DB8D006A9943 /* Release */ = {
			isa = XCBuildConfiguration;
			buildSettings = {
				CODE_SIGN_STYLE = Automatic;
				CURRENT_PROJECT_VERSION = 1;
				DEVELOPMENT_TEAM = LA4ZDDUB96;
				GENERATE_INFOPLIST_FILE = YES;
				MARKETING_VERSION = 1.0;
				PRODUCT_BUNDLE_IDENTIFIER = work.tinax.barcoderTests;
				PRODUCT_NAME = "$(TARGET_NAME)";
				SWIFT_EMIT_LOC_STRINGS = NO;
				SWIFT_VERSION = 5.0;
				TARGETED_DEVICE_FAMILY = "1,2";
			};
			name = Release;
		};
/* End XCBuildConfiguration section */

/* Begin XCConfigurationList section */
		51129D752BC6CBCC006A9943 /* Build configuration list for PBXProject "barcoder" */ = {
			isa = XCConfigurationList;
			buildConfigurations = (
				51129D7F2BC6CBCC006A9943 /* Debug */,
				51129D802BC6CBCC006A9943 /* Release */,
			);
			defaultConfigurationIsVisible = 0;
			defaultConfigurationName = Release;
		};
		51129D812BC6CBCC006A9943 /* Build configuration list for PBXNativeTarget "barcoder" */ = {
			isa = XCConfigurationList;
			buildConfigurations = (
				51129D822BC6CBCC006A9943 /* Debug */,
				51129D832BC6CBCC006A9943 /* Release */,
			);
			defaultConfigurationIsVisible = 0;
			defaultConfigurationName = Release;
		};
		51129D932BC6DB8D006A9943 /* Build configuration list for PBXNativeTarget "barcoderTests" */ = {
			isa = XCConfigurationList;
			buildConfigurations = (
				51129D942BC6DB8D006A9943 /* Debug */,
				51129D952BC6DB8D006A9943 /* Release */,
			);
			defaultConfigurationIsVisible = 0;
			defaultConfigurationName = Release;
		};
/* End XCConfigurationList section */
	};
	rootObject = 51129D722BC6CBCC006A9943 /* Project object */;
}
